// !$*UTF8*$!
{
	archiveVersion = 1;
	classes = {
	};
	objectVersion = 48;
	objects = {

/* Begin PBXBuildFile section */
		24AE443A1EEE8700004F9BC9 /* AppDelegate.swift in Sources */ = {isa = PBXBuildFile; fileRef = 24AE44391EEE8700004F9BC9 /* AppDelegate.swift */; };
		24AE443C1EEE8700004F9BC9 /* ViewController.swift in Sources */ = {isa = PBXBuildFile; fileRef = 24AE443B1EEE8700004F9BC9 /* ViewController.swift */; };
		24AE443F1EEE8700004F9BC9 /* Main.storyboard in Resources */ = {isa = PBXBuildFile; fileRef = 24AE443D1EEE8700004F9BC9 /* Main.storyboard */; };
		24AE44411EEE8700004F9BC9 /* Assets.xcassets in Resources */ = {isa = PBXBuildFile; fileRef = 24AE44401EEE8700004F9BC9 /* Assets.xcassets */; };
		24AE44441EEE8700004F9BC9 /* LaunchScreen.storyboard in Resources */ = {isa = PBXBuildFile; fileRef = 24AE44421EEE8700004F9BC9 /* LaunchScreen.storyboard */; };
		24AE444F1EEE8700004F9BC9 /* NotMinionTests.swift in Sources */ = {isa = PBXBuildFile; fileRef = 24AE444E1EEE8700004F9BC9 /* NotMinionTests.swift */; };
/* End PBXBuildFile section */

/* Begin PBXContainerItemProxy section */
		24AE444B1EEE8700004F9BC9 /* PBXContainerItemProxy */ = {
			isa = PBXContainerItemProxy;
			containerPortal = 24AE442E1EEE8700004F9BC9 /* Project object */;
			proxyType = 1;
			remoteGlobalIDString = 24AE44351EEE8700004F9BC9;
			remoteInfo = NotMinion;
		};
/* End PBXContainerItemProxy section */

/* Begin PBXFileReference section */
		24AE44361EEE8700004F9BC9 /* NotMinion.app */ = {isa = PBXFileReference; explicitFileType = wrapper.application; includeInIndex = 0; path = NotMinion.app; sourceTree = BUILT_PRODUCTS_DIR; };
		24AE44391EEE8700004F9BC9 /* AppDelegate.swift */ = {isa = PBXFileReference; lastKnownFileType = sourcecode.swift; path = AppDelegate.swift; sourceTree = "<group>"; };
		24AE443B1EEE8700004F9BC9 /* ViewController.swift */ = {isa = PBXFileReference; lastKnownFileType = sourcecode.swift; path = ViewController.swift; sourceTree = "<group>"; };
		24AE443E1EEE8700004F9BC9 /* Base */ = {isa = PBXFileReference; lastKnownFileType = file.storyboard; name = Base; path = Base.lproj/Main.storyboard; sourceTree = "<group>"; };
		24AE44401EEE8700004F9BC9 /* Assets.xcassets */ = {isa = PBXFileReference; lastKnownFileType = folder.assetcatalog; path = Assets.xcassets; sourceTree = "<group>"; };
		24AE44431EEE8700004F9BC9 /* Base */ = {isa = PBXFileReference; lastKnownFileType = file.storyboard; name = Base; path = Base.lproj/LaunchScreen.storyboard; sourceTree = "<group>"; };
		24AE44451EEE8700004F9BC9 /* Info.plist */ = {isa = PBXFileReference; lastKnownFileType = text.plist.xml; path = Info.plist; sourceTree = "<group>"; };
		24AE444A1EEE8700004F9BC9 /* NotMinionTests.xctest */ = {isa = PBXFileReference; explicitFileType = wrapper.cfbundle; includeInIndex = 0; path = NotMinionTests.xctest; sourceTree = BUILT_PRODUCTS_DIR; };
		24AE444E1EEE8700004F9BC9 /* NotMinionTests.swift */ = {isa = PBXFileReference; lastKnownFileType = sourcecode.swift; path = NotMinionTests.swift; sourceTree = "<group>"; };
		24AE44501EEE8700004F9BC9 /* Info.plist */ = {isa = PBXFileReference; lastKnownFileType = text.plist.xml; path = Info.plist; sourceTree = "<group>"; };
/* End PBXFileReference section */

/* Begin PBXFrameworksBuildPhase section */
		24AE44331EEE8700004F9BC9 /* Frameworks */ = {
			isa = PBXFrameworksBuildPhase;
			buildActionMask = 2147483647;
			files = (
			);
			runOnlyForDeploymentPostprocessing = 0;
		};
		24AE44471EEE8700004F9BC9 /* Frameworks */ = {
			isa = PBXFrameworksBuildPhase;
			buildActionMask = 2147483647;
			files = (
			);
			runOnlyForDeploymentPostprocessing = 0;
		};
/* End PBXFrameworksBuildPhase section */

/* Begin PBXGroup section */
		24AE442D1EEE8700004F9BC9 = {
			isa = PBXGroup;
			children = (
				24AE44381EEE8700004F9BC9 /* NotMinion */,
				24AE444D1EEE8700004F9BC9 /* NotMinionTests */,
				24AE44371EEE8700004F9BC9 /* Products */,
			);
			sourceTree = "<group>";
		};
		24AE44371EEE8700004F9BC9 /* Products */ = {
			isa = PBXGroup;
			children = (
				24AE44361EEE8700004F9BC9 /* NotMinion.app */,
				24AE444A1EEE8700004F9BC9 /* NotMinionTests.xctest */,
			);
			name = Products;
			sourceTree = "<group>";
		};
		24AE44381EEE8700004F9BC9 /* NotMinion */ = {
			isa = PBXGroup;
			children = (
				24AE44391EEE8700004F9BC9 /* AppDelegate.swift */,
				24AE443B1EEE8700004F9BC9 /* ViewController.swift */,
				24AE443D1EEE8700004F9BC9 /* Main.storyboard */,
				24AE44401EEE8700004F9BC9 /* Assets.xcassets */,
				24AE44421EEE8700004F9BC9 /* LaunchScreen.storyboard */,
				24AE44451EEE8700004F9BC9 /* Info.plist */,
			);
			path = NotMinion;
			sourceTree = "<group>";
		};
		24AE444D1EEE8700004F9BC9 /* NotMinionTests */ = {
			isa = PBXGroup;
			children = (
				24AE444E1EEE8700004F9BC9 /* NotMinionTests.swift */,
				24AE44501EEE8700004F9BC9 /* Info.plist */,
			);
			path = NotMinionTests;
			sourceTree = "<group>";
		};
/* End PBXGroup section */

/* Begin PBXNativeTarget section */
		24AE44351EEE8700004F9BC9 /* NotMinion */ = {
			isa = PBXNativeTarget;
			buildConfigurationList = 24AE44531EEE8700004F9BC9 /* Build configuration list for PBXNativeTarget "NotMinion" */;
			buildPhases = (
				24AE44321EEE8700004F9BC9 /* Sources */,
				24AE44331EEE8700004F9BC9 /* Frameworks */,
				24AE44341EEE8700004F9BC9 /* Resources */,
			);
			buildRules = (
			);
			dependencies = (
			);
			name = NotMinion;
			productName = NotMinion;
			productReference = 24AE44361EEE8700004F9BC9 /* NotMinion.app */;
			productType = "com.apple.product-type.application";
		};
		24AE44491EEE8700004F9BC9 /* NotMinionTests */ = {
			isa = PBXNativeTarget;
			buildConfigurationList = 24AE44561EEE8700004F9BC9 /* Build configuration list for PBXNativeTarget "NotMinionTests" */;
			buildPhases = (
				24AE44461EEE8700004F9BC9 /* Sources */,
				24AE44471EEE8700004F9BC9 /* Frameworks */,
				24AE44481EEE8700004F9BC9 /* Resources */,
			);
			buildRules = (
			);
			dependencies = (
				24AE444C1EEE8700004F9BC9 /* PBXTargetDependency */,
			);
			name = NotMinionTests;
			productName = NotMinionTests;
			productReference = 24AE444A1EEE8700004F9BC9 /* NotMinionTests.xctest */;
			productType = "com.apple.product-type.bundle.unit-test";
		};
/* End PBXNativeTarget section */

/* Begin PBXProject section */
		24AE442E1EEE8700004F9BC9 /* Project object */ = {
			isa = PBXProject;
			attributes = {
				LastSwiftUpdateCheck = 0900;
				LastUpgradeCheck = 0900;
				ORGANIZATIONNAME = "宋 奎熹";
				TargetAttributes = {
					24AE44351EEE8700004F9BC9 = {
						CreatedOnToolsVersion = 9.0;
					};
					24AE44491EEE8700004F9BC9 = {
						CreatedOnToolsVersion = 9.0;
						TestTargetID = 24AE44351EEE8700004F9BC9;
					};
				};
			};
			buildConfigurationList = 24AE44311EEE8700004F9BC9 /* Build configuration list for PBXProject "NotMinion" */;
			compatibilityVersion = "Xcode 8.0";
			developmentRegion = en;
			hasScannedForEncodings = 0;
			knownRegions = (
				en,
				Base,
			);
			mainGroup = 24AE442D1EEE8700004F9BC9;
			productRefGroup = 24AE44371EEE8700004F9BC9 /* Products */;
			projectDirPath = "";
			projectRoot = "";
			targets = (
				24AE44351EEE8700004F9BC9 /* NotMinion */,
				24AE44491EEE8700004F9BC9 /* NotMinionTests */,
			);
		};
/* End PBXProject section */

/* Begin PBXResourcesBuildPhase section */
		24AE44341EEE8700004F9BC9 /* Resources */ = {
			isa = PBXResourcesBuildPhase;
			buildActionMask = 2147483647;
			files = (
				24AE44441EEE8700004F9BC9 /* LaunchScreen.storyboard in Resources */,
				24AE44411EEE8700004F9BC9 /* Assets.xcassets in Resources */,
				24AE443F1EEE8700004F9BC9 /* Main.storyboard in Resources */,
			);
			runOnlyForDeploymentPostprocessing = 0;
		};
		24AE44481EEE8700004F9BC9 /* Resources */ = {
			isa = PBXResourcesBuildPhase;
			buildActionMask = 2147483647;
			files = (
			);
			runOnlyForDeploymentPostprocessing = 0;
		};
/* End PBXResourcesBuildPhase section */

/* Begin PBXSourcesBuildPhase section */
		24AE44321EEE8700004F9BC9 /* Sources */ = {
			isa = PBXSourcesBuildPhase;
			buildActionMask = 2147483647;
			files = (
				24AE443C1EEE8700004F9BC9 /* ViewController.swift in Sources */,
				24AE443A1EEE8700004F9BC9 /* AppDelegate.swift in Sources */,
			);
			runOnlyForDeploymentPostprocessing = 0;
		};
		24AE44461EEE8700004F9BC9 /* Sources */ = {
			isa = PBXSourcesBuildPhase;
			buildActionMask = 2147483647;
			files = (
				24AE444F1EEE8700004F9BC9 /* NotMinionTests.swift in Sources */,
			);
			runOnlyForDeploymentPostprocessing = 0;
		};
/* End PBXSourcesBuildPhase section */

/* Begin PBXTargetDependency section */
		24AE444C1EEE8700004F9BC9 /* PBXTargetDependency */ = {
			isa = PBXTargetDependency;
			target = 24AE44351EEE8700004F9BC9 /* NotMinion */;
			targetProxy = 24AE444B1EEE8700004F9BC9 /* PBXContainerItemProxy */;
		};
/* End PBXTargetDependency section */

/* Begin PBXVariantGroup section */
		24AE443D1EEE8700004F9BC9 /* Main.storyboard */ = {
			isa = PBXVariantGroup;
			children = (
				24AE443E1EEE8700004F9BC9 /* Base */,
			);
			name = Main.storyboard;
			sourceTree = "<group>";
		};
		24AE44421EEE8700004F9BC9 /* LaunchScreen.storyboard */ = {
			isa = PBXVariantGroup;
			children = (
				24AE44431EEE8700004F9BC9 /* Base */,
			);
			name = LaunchScreen.storyboard;
			sourceTree = "<group>";
		};
/* End PBXVariantGroup section */

/* Begin XCBuildConfiguration section */
		24AE44511EEE8700004F9BC9 /* Debug */ = {
			isa = XCBuildConfiguration;
			buildSettings = {
				ALWAYS_SEARCH_USER_PATHS = NO;
				CLANG_ANALYZER_NONNULL = YES;
				CLANG_ANALYZER_NUMBER_OBJECT_CONVERSION = YES_AGGRESSIVE;
				CLANG_CXX_LANGUAGE_STANDARD = "gnu++14";
				CLANG_CXX_LIBRARY = "libc++";
				CLANG_ENABLE_MODULES = YES;
				CLANG_ENABLE_OBJC_ARC = YES;
				CLANG_WARN_BLOCK_CAPTURE_AUTORELEASING = YES;
				CLANG_WARN_BOOL_CONVERSION = YES;
				CLANG_WARN_COMMA = YES;
				CLANG_WARN_CONSTANT_CONVERSION = YES;
				CLANG_WARN_DIRECT_OBJC_ISA_USAGE = YES_ERROR;
				CLANG_WARN_DOCUMENTATION_COMMENTS = YES;
				CLANG_WARN_EMPTY_BODY = YES;
				CLANG_WARN_ENUM_CONVERSION = YES;
				CLANG_WARN_INFINITE_RECURSION = YES;
				CLANG_WARN_INT_CONVERSION = YES;
				CLANG_WARN_OBJC_ROOT_CLASS = YES_ERROR;
				CLANG_WARN_RANGE_LOOP_ANALYSIS = YES;
				CLANG_WARN_STRICT_PROTOTYPES = YES;
				CLANG_WARN_SUSPICIOUS_MOVE = YES;
				CLANG_WARN_UNGUARDED_AVAILABILITY = YES_AGGRESSIVE;
				CLANG_WARN_UNREACHABLE_CODE = YES;
				CLANG_WARN__DUPLICATE_METHOD_MATCH = YES;
				CODE_SIGN_IDENTITY = "iPhone Developer";
				COPY_PHASE_STRIP = NO;
				DEBUG_INFORMATION_FORMAT = dwarf;
				ENABLE_STRICT_OBJC_MSGSEND = YES;
				ENABLE_TESTABILITY = YES;
				GCC_C_LANGUAGE_STANDARD = gnu11;
				GCC_DYNAMIC_NO_PIC = NO;
				GCC_NO_COMMON_BLOCKS = YES;
				GCC_OPTIMIZATION_LEVEL = 0;
				GCC_PREPROCESSOR_DEFINITIONS = (
					"DEBUG=1",
					"$(inherited)",
				);
				GCC_WARN_64_TO_32_BIT_CONVERSION = YES;
				GCC_WARN_ABOUT_RETURN_TYPE = YES_ERROR;
				GCC_WARN_UNDECLARED_SELECTOR = YES;
				GCC_WARN_UNINITIALIZED_AUTOS = YES_AGGRESSIVE;
				GCC_WARN_UNUSED_FUNCTION = YES;
				GCC_WARN_UNUSED_VARIABLE = YES;
				IPHONEOS_DEPLOYMENT_TARGET = 10.3;
				MTL_ENABLE_DEBUG_INFO = YES;
				ONLY_ACTIVE_ARCH = YES;
				SDKROOT = iphoneos;
				SWIFT_ACTIVE_COMPILATION_CONDITIONS = DEBUG;
				SWIFT_OPTIMIZATION_LEVEL = "-Onone";
			};
			name = Debug;
		};
		24AE44521EEE8700004F9BC9 /* Release */ = {
			isa = XCBuildConfiguration;
			buildSettings = {
				ALWAYS_SEARCH_USER_PATHS = NO;
				CLANG_ANALYZER_NONNULL = YES;
				CLANG_ANALYZER_NUMBER_OBJECT_CONVERSION = YES_AGGRESSIVE;
				CLANG_CXX_LANGUAGE_STANDARD = "gnu++14";
				CLANG_CXX_LIBRARY = "libc++";
				CLANG_ENABLE_MODULES = YES;
				CLANG_ENABLE_OBJC_ARC = YES;
				CLANG_WARN_BLOCK_CAPTURE_AUTORELEASING = YES;
				CLANG_WARN_BOOL_CONVERSION = YES;
				CLANG_WARN_COMMA = YES;
				CLANG_WARN_CONSTANT_CONVERSION = YES;
				CLANG_WARN_DIRECT_OBJC_ISA_USAGE = YES_ERROR;
				CLANG_WARN_DOCUMENTATION_COMMENTS = YES;
				CLANG_WARN_EMPTY_BODY = YES;
				CLANG_WARN_ENUM_CONVERSION = YES;
				CLANG_WARN_INFINITE_RECURSION = YES;
				CLANG_WARN_INT_CONVERSION = YES;
				CLANG_WARN_OBJC_ROOT_CLASS = YES_ERROR;
				CLANG_WARN_RANGE_LOOP_ANALYSIS = YES;
				CLANG_WARN_STRICT_PROTOTYPES = YES;
				CLANG_WARN_SUSPICIOUS_MOVE = YES;
				CLANG_WARN_UNGUARDED_AVAILABILITY = YES_AGGRESSIVE;
				CLANG_WARN_UNREACHABLE_CODE = YES;
				CLANG_WARN__DUPLICATE_METHOD_MATCH = YES;
				CODE_SIGN_IDENTITY = "iPhone Developer";
				COPY_PHASE_STRIP = NO;
				DEBUG_INFORMATION_FORMAT = "dwarf-with-dsym";
				ENABLE_NS_ASSERTIONS = NO;
				ENABLE_STRICT_OBJC_MSGSEND = YES;
				GCC_C_LANGUAGE_STANDARD = gnu11;
				GCC_NO_COMMON_BLOCKS = YES;
				GCC_WARN_64_TO_32_BIT_CONVERSION = YES;
				GCC_WARN_ABOUT_RETURN_TYPE = YES_ERROR;
				GCC_WARN_UNDECLARED_SELECTOR = YES;
				GCC_WARN_UNINITIALIZED_AUTOS = YES_AGGRESSIVE;
				GCC_WARN_UNUSED_FUNCTION = YES;
				GCC_WARN_UNUSED_VARIABLE = YES;
				IPHONEOS_DEPLOYMENT_TARGET = 10.3;
				MTL_ENABLE_DEBUG_INFO = NO;
				SDKROOT = iphoneos;
				SWIFT_OPTIMIZATION_LEVEL = "-Owholemodule";
				VALIDATE_PRODUCT = YES;
			};
			name = Release;
		};
		24AE44541EEE8700004F9BC9 /* Debug */ = {
			isa = XCBuildConfiguration;
			buildSettings = {
				ASSETCATALOG_COMPILER_APPICON_NAME = AppIcon;
				DEVELOPMENT_TEAM = VEBQ28K9EA;
				INFOPLIST_FILE = NotMinion/Info.plist;
				IPHONEOS_DEPLOYMENT_TARGET = 10.3;
				LD_RUNPATH_SEARCH_PATHS = "$(inherited) @executable_path/Frameworks";
				PRODUCT_BUNDLE_IDENTIFIER = com.krayc.NotMinion;
				PRODUCT_NAME = "$(TARGET_NAME)";
				SWIFT_VERSION = 3.0;
				TARGETED_DEVICE_FAMILY = "1,2";
			};
			name = Debug;
		};
		24AE44551EEE8700004F9BC9 /* Release */ = {
			isa = XCBuildConfiguration;
			buildSettings = {
				ASSETCATALOG_COMPILER_APPICON_NAME = AppIcon;
				DEVELOPMENT_TEAM = VEBQ28K9EA;
				INFOPLIST_FILE = NotMinion/Info.plist;
				IPHONEOS_DEPLOYMENT_TARGET = 10.3;
				LD_RUNPATH_SEARCH_PATHS = "$(inherited) @executable_path/Frameworks";
				PRODUCT_BUNDLE_IDENTIFIER = com.krayc.NotMinion;
				PRODUCT_NAME = "$(TARGET_NAME)";
				SWIFT_VERSION = 3.0;
				TARGETED_DEVICE_FAMILY = "1,2";
			};
			name = Release;
		};
		24AE44571EEE8700004F9BC9 /* Debug */ = {
			isa = XCBuildConfiguration;
			buildSettings = {
				ALWAYS_EMBED_SWIFT_STANDARD_LIBRARIES = YES;
				BUNDLE_LOADER = "$(TEST_HOST)";
				DEVELOPMENT_TEAM = VEBQ28K9EA;
				INFOPLIST_FILE = NotMinionTests/Info.plist;
				LD_RUNPATH_SEARCH_PATHS = "$(inherited) @executable_path/Frameworks @loader_path/Frameworks";
				PRODUCT_BUNDLE_IDENTIFIER = com.krayc.NotMinionTests;
				PRODUCT_NAME = "$(TARGET_NAME)";
				SWIFT_VERSION = 3.0;
				TARGETED_DEVICE_FAMILY = "1,2";
				TEST_HOST = "$(BUILT_PRODUCTS_DIR)/NotMinion.app/NotMinion";
			};
			name = Debug;
		};
		24AE44581EEE8700004F9BC9 /* Release */ = {
			isa = XCBuildConfiguration;
			buildSettings = {
				ALWAYS_EMBED_SWIFT_STANDARD_LIBRARIES = YES;
				BUNDLE_LOADER = "$(TEST_HOST)";
				DEVELOPMENT_TEAM = VEBQ28K9EA;
				INFOPLIST_FILE = NotMinionTests/Info.plist;
				LD_RUNPATH_SEARCH_PATHS = "$(inherited) @executable_path/Frameworks @loader_path/Frameworks";
				PRODUCT_BUNDLE_IDENTIFIER = com.krayc.NotMinionTests;
				PRODUCT_NAME = "$(TARGET_NAME)";
				SWIFT_VERSION = 3.0;
				TARGETED_DEVICE_FAMILY = "1,2";
				TEST_HOST = "$(BUILT_PRODUCTS_DIR)/NotMinion.app/NotMinion";
			};
			name = Release;
		};
/* End XCBuildConfiguration section */

/* Begin XCConfigurationList section */
		24AE44311EEE8700004F9BC9 /* Build configuration list for PBXProject "NotMinion" */ = {
			isa = XCConfigurationList;
			buildConfigurations = (
				24AE44511EEE8700004F9BC9 /* Debug */,
				24AE44521EEE8700004F9BC9 /* Release */,
			);
			defaultConfigurationIsVisible = 0;
			defaultConfigurationName = Release;
		};
		24AE44531EEE8700004F9BC9 /* Build configuration list for PBXNativeTarget "NotMinion" */ = {
			isa = XCConfigurationList;
			buildConfigurations = (
				24AE44541EEE8700004F9BC9 /* Debug */,
				24AE44551EEE8700004F9BC9 /* Release */,
			);
			defaultConfigurationIsVisible = 0;
			defaultConfigurationName = Release;
		};
		24AE44561EEE8700004F9BC9 /* Build configuration list for PBXNativeTarget "NotMinionTests" */ = {
			isa = XCConfigurationList;
			buildConfigurations = (
				24AE44571EEE8700004F9BC9 /* Debug */,
				24AE44581EEE8700004F9BC9 /* Release */,
			);
			defaultConfigurationIsVisible = 0;
			defaultConfigurationName = Release;
		};
/* End XCConfigurationList section */
	};
	rootObject = 24AE442E1EEE8700004F9BC9 /* Project object */;
}
